
Microsoft Visual Studio Solution File, Format Version 12.00
# Visual Studio Version 16
VisualStudioVersion = 16.0.30320.27
MinimumVisualStudioVersion = 10.0.40219.1
Project("{9A19103F-16F7-4668-BE54-9A1E7A4F7556}") = "HackPleasanterApi.Client.Api", "HackPleasanterApi.Client.Api\HackPleasanterApi.Client.Api.csproj", "{3FFC3A62-054C-43B5-BB8B-E2F3D0898103}"
EndProject
Global
	GlobalSection(SolutionConfigurationPlatforms) = preSolution
		Debug|Any CPU = Debug|Any CPU
		Release|Any CPU = Release|Any CPU
	EndGlobalSection
	GlobalSection(ProjectConfigurationPlatforms) = postSolution
		{3FFC3A62-054C-43B5-BB8B-E2F3D0898103}.Debug|Any CPU.ActiveCfg = Debug|Any CPU
		{3FFC3A62-054C-43B5-BB8B-E2F3D0898103}.Debug|Any CPU.Build.0 = Debug|Any CPU
		{3FFC3A62-054C-43B5-BB8B-E2F3D0898103}.Release|Any CPU.ActiveCfg = Release|Any CPU
		{3FFC3A62-054C-43B5-BB8B-E2F3D0898103}.Release|Any CPU.Build.0 = Release|Any CPU
	EndGlobalSection
	GlobalSection(SolutionProperties) = preSolution
		HideSolutionNode = FALSE
	EndGlobalSection
	GlobalSection(ExtensibilityGlobals) = postSolution
		SolutionGuid = {FF26A1B9-A8F4-45E6-851A-7FB0D8C05E40}
	EndGlobalSection
EndGlobal
